// !$*UTF8*$!
{
	archiveVersion = 1;
	classes = {
	};
	objectVersion = 46;
	objects = {

/* Begin PBXBuildFile section */
		86323C791CA838D100DF75E1 /* DetailProfileController.swift in Sources */ = {isa = PBXBuildFile; fileRef = 86323C781CA838D100DF75E1 /* DetailProfileController.swift */; };
		86323C7E1CA8398100DF75E1 /* DetailCell.swift in Sources */ = {isa = PBXBuildFile; fileRef = 86323C7C1CA8398100DF75E1 /* DetailCell.swift */; };
		86323C7F1CA8398100DF75E1 /* DetailCell.xib in Resources */ = {isa = PBXBuildFile; fileRef = 86323C7D1CA8398100DF75E1 /* DetailCell.xib */; };
		86323C831CA84CCE00DF75E1 /* CoreDataHelper.swift in Sources */ = {isa = PBXBuildFile; fileRef = 86323C821CA84CCE00DF75E1 /* CoreDataHelper.swift */; };
		86323C861CA84CE200DF75E1 /* CD.xcdatamodeld in Sources */ = {isa = PBXBuildFile; fileRef = 86323C841CA84CE200DF75E1 /* CD.xcdatamodeld */; };
		86874F131CA84DFA0008566D /* InfoCell.xib in Resources */ = {isa = PBXBuildFile; fileRef = 86874F121CA84DFA0008566D /* InfoCell.xib */; };
		86DD1D641CA4739C0009399A /* AppDelegate.swift in Sources */ = {isa = PBXBuildFile; fileRef = 86DD1D631CA4739C0009399A /* AppDelegate.swift */; };
		86DD1D661CA4739C0009399A /* ViewController.swift in Sources */ = {isa = PBXBuildFile; fileRef = 86DD1D651CA4739C0009399A /* ViewController.swift */; };
		86DD1D691CA4739C0009399A /* Main.storyboard in Resources */ = {isa = PBXBuildFile; fileRef = 86DD1D671CA4739C0009399A /* Main.storyboard */; };
		86DD1D6E1CA4739C0009399A /* Assets.xcassets in Resources */ = {isa = PBXBuildFile; fileRef = 86DD1D6D1CA4739C0009399A /* Assets.xcassets */; };
		86DD1D711CA4739C0009399A /* LaunchScreen.storyboard in Resources */ = {isa = PBXBuildFile; fileRef = 86DD1D6F1CA4739C0009399A /* LaunchScreen.storyboard */; };
		86DD1D7A1CA479960009399A /* Profile+CoreDataProperties.swift in Sources */ = {isa = PBXBuildFile; fileRef = 86DD1D781CA479960009399A /* Profile+CoreDataProperties.swift */; };
		86DD1D7B1CA479960009399A /* Profile.swift in Sources */ = {isa = PBXBuildFile; fileRef = 86DD1D791CA479960009399A /* Profile.swift */; };
		86DD1D7F1CA4811F0009399A /* InfoCardController.swift in Sources */ = {isa = PBXBuildFile; fileRef = 86DD1D7E1CA4811F0009399A /* InfoCardController.swift */; };
		86DD1D861CA482B60009399A /* InfoCell.swift in Sources */ = {isa = PBXBuildFile; fileRef = 86DD1D841CA482B60009399A /* InfoCell.swift */; };
/* End PBXBuildFile section */

/* Begin PBXFileReference section */
		86323C781CA838D100DF75E1 /* DetailProfileController.swift */ = {isa = PBXFileReference; fileEncoding = 4; lastKnownFileType = sourcecode.swift; name = DetailProfileController.swift; path = Controllers/DetailProfileController.swift; sourceTree = "<group>"; };
		86323C7C1CA8398100DF75E1 /* DetailCell.swift */ = {isa = PBXFileReference; fileEncoding = 4; lastKnownFileType = sourcecode.swift; name = DetailCell.swift; path = Cell/DetailCell/DetailCell.swift; sourceTree = "<group>"; };
		86323C7D1CA8398100DF75E1 /* DetailCell.xib */ = {isa = PBXFileReference; fileEncoding = 4; lastKnownFileType = file.xib; name = DetailCell.xib; path = Cell/DetailCell/DetailCell.xib; sourceTree = "<group>"; };
		86323C821CA84CCE00DF75E1 /* CoreDataHelper.swift */ = {isa = PBXFileReference; fileEncoding = 4; lastKnownFileType = sourcecode.swift; name = CoreDataHelper.swift; path = CoreData/CoreDataHelper.swift; sourceTree = "<group>"; };
		86323C851CA84CE200DF75E1 /* CD.xcdatamodel */ = {isa = PBXFileReference; lastKnownFileType = wrapper.xcdatamodel; path = CD.xcdatamodel; sourceTree = "<group>"; };
		86874F121CA84DFA0008566D /* InfoCell.xib */ = {isa = PBXFileReference; fileEncoding = 4; lastKnownFileType = file.xib; name = InfoCell.xib; path = Cell/InfoCell/InfoCell.xib; sourceTree = "<group>"; };
		86DD1D601CA4739C0009399A /* CoreDataExem.app */ = {isa = PBXFileReference; explicitFileType = wrapper.application; includeInIndex = 0; path = CoreDataExem.app; sourceTree = BUILT_PRODUCTS_DIR; };
		86DD1D631CA4739C0009399A /* AppDelegate.swift */ = {isa = PBXFileReference; lastKnownFileType = sourcecode.swift; path = AppDelegate.swift; sourceTree = "<group>"; };
		86DD1D651CA4739C0009399A /* ViewController.swift */ = {isa = PBXFileReference; lastKnownFileType = sourcecode.swift; name = ViewController.swift; path = Controllers/ViewController.swift; sourceTree = "<group>"; };
		86DD1D681CA4739C0009399A /* Base */ = {isa = PBXFileReference; lastKnownFileType = file.storyboard; name = Base; path = Base.lproj/Main.storyboard; sourceTree = "<group>"; };
		86DD1D6D1CA4739C0009399A /* Assets.xcassets */ = {isa = PBXFileReference; lastKnownFileType = folder.assetcatalog; path = Assets.xcassets; sourceTree = "<group>"; };
		86DD1D701CA4739C0009399A /* Base */ = {isa = PBXFileReference; lastKnownFileType = file.storyboard; name = Base; path = Base.lproj/LaunchScreen.storyboard; sourceTree = "<group>"; };
		86DD1D721CA4739C0009399A /* Info.plist */ = {isa = PBXFileReference; lastKnownFileType = text.plist.xml; path = Info.plist; sourceTree = "<group>"; };
		86DD1D781CA479960009399A /* Profile+CoreDataProperties.swift */ = {isa = PBXFileReference; fileEncoding = 4; lastKnownFileType = sourcecode.swift; name = "Profile+CoreDataProperties.swift"; path = "Model/Profile+CoreDataProperties.swift"; sourceTree = "<group>"; };
		86DD1D791CA479960009399A /* Profile.swift */ = {isa = PBXFileReference; fileEncoding = 4; lastKnownFileType = sourcecode.swift; name = Profile.swift; path = Model/Profile.swift; sourceTree = "<group>"; };
		86DD1D7E1CA4811F0009399A /* InfoCardController.swift */ = {isa = PBXFileReference; fileEncoding = 4; lastKnownFileType = sourcecode.swift; name = InfoCardController.swift; path = Controllers/InfoCardController.swift; sourceTree = "<group>"; };
		86DD1D841CA482B60009399A /* InfoCell.swift */ = {isa = PBXFileReference; fileEncoding = 4; lastKnownFileType = sourcecode.swift; name = InfoCell.swift; path = Cell/InfoCell/InfoCell.swift; sourceTree = "<group>"; };
/* End PBXFileReference section */

/* Begin PBXFrameworksBuildPhase section */
		86DD1D5D1CA4739C0009399A /* Frameworks */ = {
			isa = PBXFrameworksBuildPhase;
			buildActionMask = 2147483647;
			files = (
			);
			runOnlyForDeploymentPostprocessing = 0;
		};
/* End PBXFrameworksBuildPhase section */

/* Begin PBXGroup section */
		86323C741CA8166500DF75E1 /* Controllers */ = {
			isa = PBXGroup;
			children = (
				86DD1D651CA4739C0009399A /* ViewController.swift */,
				86DD1D7E1CA4811F0009399A /* InfoCardController.swift */,
				86323C781CA838D100DF75E1 /* DetailProfileController.swift */,
			);
			name = Controllers;
			sourceTree = "<group>";
		};
		86323C751CA8168600DF75E1 /* Cell */ = {
			isa = PBXGroup;
			children = (
				86323C7B1CA8395C00DF75E1 /* InfoCell */,
				86323C7A1CA8394F00DF75E1 /* DetailCell */,
			);
			name = Cell;
			sourceTree = "<group>";
		};
		86323C761CA8169400DF75E1 /* Model */ = {
			isa = PBXGroup;
			children = (
				86DD1D781CA479960009399A /* Profile+CoreDataProperties.swift */,
				86DD1D791CA479960009399A /* Profile.swift */,
			);
			name = Model;
			sourceTree = "<group>";
		};
		86323C771CA816A700DF75E1 /* CoreData */ = {
			isa = PBXGroup;
			children = (
				86323C841CA84CE200DF75E1 /* CD.xcdatamodeld */,
				86323C821CA84CCE00DF75E1 /* CoreDataHelper.swift */,
			);
			name = CoreData;
			sourceTree = "<group>";
		};
		86323C7A1CA8394F00DF75E1 /* DetailCell */ = {
			isa = PBXGroup;
			children = (
				86323C7C1CA8398100DF75E1 /* DetailCell.swift */,
				86323C7D1CA8398100DF75E1 /* DetailCell.xib */,
			);
			name = DetailCell;
			sourceTree = "<group>";
		};
		86323C7B1CA8395C00DF75E1 /* InfoCell */ = {
			isa = PBXGroup;
			children = (
				86874F121CA84DFA0008566D /* InfoCell.xib */,
				86DD1D841CA482B60009399A /* InfoCell.swift */,
			);
			name = InfoCell;
			sourceTree = "<group>";
		};
		86DD1D571CA4739C0009399A = {
			isa = PBXGroup;
			children = (
				86DD1D621CA4739C0009399A /* CD */,
				86DD1D611CA4739C0009399A /* Products */,
			);
			sourceTree = "<group>";
		};
		86DD1D611CA4739C0009399A /* Products */ = {
			isa = PBXGroup;
			children = (
				86DD1D601CA4739C0009399A /* CoreDataExem.app */,
			);
			name = Products;
			sourceTree = "<group>";
		};
		86DD1D621CA4739C0009399A /* CD */ = {
			isa = PBXGroup;
			children = (
				86323C771CA816A700DF75E1 /* CoreData */,
				86323C761CA8169400DF75E1 /* Model */,
				86323C751CA8168600DF75E1 /* Cell */,
				86323C741CA8166500DF75E1 /* Controllers */,
				86DD1D631CA4739C0009399A /* AppDelegate.swift */,
				86DD1D671CA4739C0009399A /* Main.storyboard */,
				86DD1D6D1CA4739C0009399A /* Assets.xcassets */,
				86DD1D6F1CA4739C0009399A /* LaunchScreen.storyboard */,
				86DD1D721CA4739C0009399A /* Info.plist */,
			);
			path = CD;
			sourceTree = "<group>";
		};
/* End PBXGroup section */

/* Begin PBXNativeTarget section */
		86DD1D5F1CA4739C0009399A /* CoreDataExem */ = {
			isa = PBXNativeTarget;
			buildConfigurationList = 86DD1D751CA4739C0009399A /* Build configuration list for PBXNativeTarget "CoreDataExem" */;
			buildPhases = (
				86DD1D5C1CA4739C0009399A /* Sources */,
				86DD1D5D1CA4739C0009399A /* Frameworks */,
				86DD1D5E1CA4739C0009399A /* Resources */,
			);
			buildRules = (
			);
			dependencies = (
			);
			name = CoreDataExem;
			productName = CD;
			productReference = 86DD1D601CA4739C0009399A /* CoreDataExem.app */;
			productType = "com.apple.product-type.application";
		};
/* End PBXNativeTarget section */

/* Begin PBXProject section */
		86DD1D581CA4739C0009399A /* Project object */ = {
			isa = PBXProject;
			attributes = {
				LastSwiftUpdateCheck = 0730;
				LastUpgradeCheck = 0730;
				ORGANIZATIONNAME = "Vladislav Prusakov";
				TargetAttributes = {
					86DD1D5F1CA4739C0009399A = {
						CreatedOnToolsVersion = 7.3;
						DevelopmentTeam = 8PYCRS3EA3;
					};
				};
			};
			buildConfigurationList = 86DD1D5B1CA4739C0009399A /* Build configuration list for PBXProject "CD" */;
			compatibilityVersion = "Xcode 3.2";
			developmentRegion = English;
			hasScannedForEncodings = 0;
			knownRegions = (
				en,
				Base,
			);
			mainGroup = 86DD1D571CA4739C0009399A;
			productRefGroup = 86DD1D611CA4739C0009399A /* Products */;
			projectDirPath = "";
			projectRoot = "";
			targets = (
				86DD1D5F1CA4739C0009399A /* CoreDataExem */,
			);
		};
/* End PBXProject section */

/* Begin PBXResourcesBuildPhase section */
		86DD1D5E1CA4739C0009399A /* Resources */ = {
			isa = PBXResourcesBuildPhase;
			buildActionMask = 2147483647;
			files = (
				86DD1D711CA4739C0009399A /* LaunchScreen.storyboard in Resources */,
				86874F131CA84DFA0008566D /* InfoCell.xib in Resources */,
				86DD1D6E1CA4739C0009399A /* Assets.xcassets in Resources */,
				86DD1D691CA4739C0009399A /* Main.storyboard in Resources */,
				86323C7F1CA8398100DF75E1 /* DetailCell.xib in Resources */,
			);
			runOnlyForDeploymentPostprocessing = 0;
		};
/* End PBXResourcesBuildPhase section */

/* Begin PBXSourcesBuildPhase section */
		86DD1D5C1CA4739C0009399A /* Sources */ = {
			isa = PBXSourcesBuildPhase;
			buildActionMask = 2147483647;
			files = (
				86323C791CA838D100DF75E1 /* DetailProfileController.swift in Sources */,
				86323C7E1CA8398100DF75E1 /* DetailCell.swift in Sources */,
				86DD1D7F1CA4811F0009399A /* InfoCardController.swift in Sources */,
				86DD1D7B1CA479960009399A /* Profile.swift in Sources */,
				86DD1D661CA4739C0009399A /* ViewController.swift in Sources */,
				86323C861CA84CE200DF75E1 /* CD.xcdatamodeld in Sources */,
				86DD1D7A1CA479960009399A /* Profile+CoreDataProperties.swift in Sources */,
				86323C831CA84CCE00DF75E1 /* CoreDataHelper.swift in Sources */,
				86DD1D641CA4739C0009399A /* AppDelegate.swift in Sources */,
				86DD1D861CA482B60009399A /* InfoCell.swift in Sources */,
			);
			runOnlyForDeploymentPostprocessing = 0;
		};
/* End PBXSourcesBuildPhase section */

/* Begin PBXVariantGroup section */
		86DD1D671CA4739C0009399A /* Main.storyboard */ = {
			isa = PBXVariantGroup;
			children = (
				86DD1D681CA4739C0009399A /* Base */,
			);
			name = Main.storyboard;
			sourceTree = "<group>";
		};
		86DD1D6F1CA4739C0009399A /* LaunchScreen.storyboard */ = {
			isa = PBXVariantGroup;
			children = (
				86DD1D701CA4739C0009399A /* Base */,
			);
			name = LaunchScreen.storyboard;
			sourceTree = "<group>";
		};
/* End PBXVariantGroup section */

/* Begin XCBuildConfiguration section */
		86DD1D731CA4739C0009399A /* Debug */ = {
			isa = XCBuildConfiguration;
			buildSettings = {
				ALWAYS_SEARCH_USER_PATHS = NO;
				CLANG_ANALYZER_NONNULL = YES;
				CLANG_CXX_LANGUAGE_STANDARD = "gnu++0x";
				CLANG_CXX_LIBRARY = "libc++";
				CLANG_ENABLE_MODULES = YES;
				CLANG_ENABLE_OBJC_ARC = YES;
				CLANG_WARN_BOOL_CONVERSION = YES;
				CLANG_WARN_CONSTANT_CONVERSION = YES;
				CLANG_WARN_DIRECT_OBJC_ISA_USAGE = YES_ERROR;
				CLANG_WARN_EMPTY_BODY = YES;
				CLANG_WARN_ENUM_CONVERSION = YES;
				CLANG_WARN_INT_CONVERSION = YES;
				CLANG_WARN_OBJC_ROOT_CLASS = YES_ERROR;
				CLANG_WARN_UNREACHABLE_CODE = YES;
				CLANG_WARN__DUPLICATE_METHOD_MATCH = YES;
				"CODE_SIGN_IDENTITY[sdk=iphoneos*]" = "iPhone Developer";
				COPY_PHASE_STRIP = NO;
				DEBUG_INFORMATION_FORMAT = dwarf;
				ENABLE_STRICT_OBJC_MSGSEND = YES;
				ENABLE_TESTABILITY = YES;
				GCC_C_LANGUAGE_STANDARD = gnu99;
				GCC_DYNAMIC_NO_PIC = NO;
				GCC_NO_COMMON_BLOCKS = YES;
				GCC_OPTIMIZATION_LEVEL = 0;
				GCC_PREPROCESSOR_DEFINITIONS = (
					"DEBUG=1",
					"$(inherited)",
				);
				GCC_WARN_64_TO_32_BIT_CONVERSION = YES;
				GCC_WARN_ABOUT_RETURN_TYPE = YES_ERROR;
				GCC_WARN_UNDECLARED_SELECTOR = YES;
				GCC_WARN_UNINITIALIZED_AUTOS = YES_AGGRESSIVE;
				GCC_WARN_UNUSED_FUNCTION = YES;
				GCC_WARN_UNUSED_VARIABLE = YES;
				IPHONEOS_DEPLOYMENT_TARGET = 9.3;
				MTL_ENABLE_DEBUG_INFO = YES;
				ONLY_ACTIVE_ARCH = YES;
				SDKROOT = iphoneos;
				SWIFT_OPTIMIZATION_LEVEL = "-Onone";
			};
			name = Debug;
		};
		86DD1D741CA4739C0009399A /* Release */ = {
			isa = XCBuildConfiguration;
			buildSettings = {
				ALWAYS_SEARCH_USER_PATHS = NO;
				CLANG_ANALYZER_NONNULL = YES;
				CLANG_CXX_LANGUAGE_STANDARD = "gnu++0x";
				CLANG_CXX_LIBRARY = "libc++";
				CLANG_ENABLE_MODULES = YES;
				CLANG_ENABLE_OBJC_ARC = YES;
				CLANG_WARN_BOOL_CONVERSION = YES;
				CLANG_WARN_CONSTANT_CONVERSION = YES;
				CLANG_WARN_DIRECT_OBJC_ISA_USAGE = YES_ERROR;
				CLANG_WARN_EMPTY_BODY = YES;
				CLANG_WARN_ENUM_CONVERSION = YES;
				CLANG_WARN_INT_CONVERSION = YES;
				CLANG_WARN_OBJC_ROOT_CLASS = YES_ERROR;
				CLANG_WARN_UNREACHABLE_CODE = YES;
				CLANG_WARN__DUPLICATE_METHOD_MATCH = YES;
				"CODE_SIGN_IDENTITY[sdk=iphoneos*]" = "iPhone Developer";
				COPY_PHASE_STRIP = NO;
				DEBUG_INFORMATION_FORMAT = "dwarf-with-dsym";
				ENABLE_NS_ASSERTIONS = NO;
				ENABLE_STRICT_OBJC_MSGSEND = YES;
				GCC_C_LANGUAGE_STANDARD = gnu99;
				GCC_NO_COMMON_BLOCKS = YES;
				GCC_WARN_64_TO_32_BIT_CONVERSION = YES;
				GCC_WARN_ABOUT_RETURN_TYPE = YES_ERROR;
				GCC_WARN_UNDECLARED_SELECTOR = YES;
				GCC_WARN_UNINITIALIZED_AUTOS = YES_AGGRESSIVE;
				GCC_WARN_UNUSED_FUNCTION = YES;
				GCC_WARN_UNUSED_VARIABLE = YES;
				IPHONEOS_DEPLOYMENT_TARGET = 9.3;
				MTL_ENABLE_DEBUG_INFO = NO;
				SDKROOT = iphoneos;
				VALIDATE_PRODUCT = YES;
			};
			name = Release;
		};
		86DD1D761CA4739C0009399A /* Debug */ = {
			isa = XCBuildConfiguration;
			buildSettings = {
				ASSETCATALOG_COMPILER_APPICON_NAME = AppIcon;
				CODE_SIGN_IDENTITY = "iPhone Developer";
				"CODE_SIGN_IDENTITY[sdk=iphoneos*]" = "iPhone Developer";
				INFOPLIST_FILE = CD/Info.plist;
				IPHONEOS_DEPLOYMENT_TARGET = 8.2;
				LD_RUNPATH_SEARCH_PATHS = "$(inherited) @executable_path/Frameworks";
				PRODUCT_BUNDLE_IDENTIFIER = ru.spectraldragon.CD;
				PRODUCT_NAME = "$(TARGET_NAME)";
				PROVISIONING_PROFILE = "";
			};
			name = Debug;
		};
		86DD1D771CA4739C0009399A /* Release */ = {
			isa = XCBuildConfiguration;
			buildSettings = {
				ASSETCATALOG_COMPILER_APPICON_NAME = AppIcon;
				CODE_SIGN_IDENTITY = "iPhone Developer";
				"CODE_SIGN_IDENTITY[sdk=iphoneos*]" = "iPhone Developer";
				INFOPLIST_FILE = CD/Info.plist;
				IPHONEOS_DEPLOYMENT_TARGET = 8.2;
				LD_RUNPATH_SEARCH_PATHS = "$(inherited) @executable_path/Frameworks";
				PRODUCT_BUNDLE_IDENTIFIER = ru.spectraldragon.CD;
				PRODUCT_NAME = "$(TARGET_NAME)";
				PROVISIONING_PROFILE = "";
			};
			name = Release;
		};
/* End XCBuildConfiguration section */

/* Begin XCConfigurationList section */
		86DD1D5B1CA4739C0009399A /* Build configuration list for PBXProject "CD" */ = {
			isa = XCConfigurationList;
			buildConfigurations = (
				86DD1D731CA4739C0009399A /* Debug */,
				86DD1D741CA4739C0009399A /* Release */,
			);
			defaultConfigurationIsVisible = 0;
			defaultConfigurationName = Release;
		};
		86DD1D751CA4739C0009399A /* Build configuration list for PBXNativeTarget "CoreDataExem" */ = {
			isa = XCConfigurationList;
			buildConfigurations = (
				86DD1D761CA4739C0009399A /* Debug */,
				86DD1D771CA4739C0009399A /* Release */,
			);
			defaultConfigurationIsVisible = 0;
			defaultConfigurationName = Release;
		};
/* End XCConfigurationList section */

/* Begin XCVersionGroup section */
		86323C841CA84CE200DF75E1 /* CD.xcdatamodeld */ = {
			isa = XCVersionGroup;
			children = (
				86323C851CA84CE200DF75E1 /* CD.xcdatamodel */,
			);
			currentVersion = 86323C851CA84CE200DF75E1 /* CD.xcdatamodel */;
			name = CD.xcdatamodeld;
			path = CoreData/CD.xcdatamodeld;
			sourceTree = "<group>";
			versionGroupType = wrapper.xcdatamodel;
		};
/* End XCVersionGroup section */
	};
	rootObject = 86DD1D581CA4739C0009399A /* Project object */;
}
